
Microsoft Visual Studio Solution File, Format Version 12.00
# Visual Studio Express 2012 for Windows Desktop
Project("{FAE04EC0-301F-11D3-BF4B-00C04F79EFBC}") = "Bonsai.Pupil", "Bonsai.Pupil\Bonsai.Pupil.csproj", "{EE02EF1D-C92B-4D2D-A8EB-6FB88B471757}"
EndProject
Global
	GlobalSection(SolutionConfigurationPlatforms) = preSolution
		Debug|Any CPU = Debug|Any CPU
		Release|Any CPU = Release|Any CPU
	EndGlobalSection
	GlobalSection(ProjectConfigurationPlatforms) = postSolution
		{EE02EF1D-C92B-4D2D-A8EB-6FB88B471757}.Debug|Any CPU.ActiveCfg = Debug|Any CPU
		{EE02EF1D-C92B-4D2D-A8EB-6FB88B471757}.Debug|Any CPU.Build.0 = Debug|Any CPU
		{EE02EF1D-C92B-4D2D-A8EB-6FB88B471757}.Release|Any CPU.ActiveCfg = Release|Any CPU
		{EE02EF1D-C92B-4D2D-A8EB-6FB88B471757}.Release|Any CPU.Build.0 = Release|Any CPU
	EndGlobalSection
	GlobalSection(SolutionProperties) = preSolution
		HideSolutionNode = FALSE
	EndGlobalSection
EndGlobal
